
Microsoft Visual Studio Solution File, Format Version 12.00
# Visual Studio Version 17
VisualStudioVersion = 17.6.33829.357
MinimumVisualStudioVersion = 10.0.40219.1
Project("{FAE04EC0-301F-11D3-BF4B-00C04F79EFBC}") = "K_Burns_GU2_Speedo_Models", "K_Burns_GU2_Speedo_Models\K_Burns_GU2_Speedo_Models.csproj", "{4D1D26C0-96BC-453E-894A-CCC10C2E2C25}"
EndProject
Global
	GlobalSection(SolutionConfigurationPlatforms) = preSolution
		Debug|Any CPU = Debug|Any CPU
		Release|Any CPU = Release|Any CPU
	EndGlobalSection
	GlobalSection(ProjectConfigurationPlatforms) = postSolution
		{4D1D26C0-96BC-453E-894A-CCC10C2E2C25}.Debug|Any CPU.ActiveCfg = Debug|Any CPU
		{4D1D26C0-96BC-453E-894A-CCC10C2E2C25}.Debug|Any CPU.Build.0 = Debug|Any CPU
		{4D1D26C0-96BC-453E-894A-CCC10C2E2C25}.Release|Any CPU.ActiveCfg = Release|Any CPU
		{4D1D26C0-96BC-453E-894A-CCC10C2E2C25}.Release|Any CPU.Build.0 = Release|Any CPU
	EndGlobalSection
	GlobalSection(SolutionProperties) = preSolution
		HideSolutionNode = FALSE
	EndGlobalSection
	GlobalSection(ExtensibilityGlobals) = postSolution
		SolutionGuid = {63864D80-B34F-412F-AA04-EC67B45F2470}
	EndGlobalSection
EndGlobal
